// !$*UTF8*$!
{
	archiveVersion = 1;
	classes = {
	};
	objectVersion = 56;
	objects = {

/* Begin PBXBuildFile section */
		144DFACC2C641C1C009D3522 /* HandyNotesApp.swift in Sources */ = {isa = PBXBuildFile; fileRef = 144DFACB2C641C1C009D3522 /* HandyNotesApp.swift */; };
		144DFACE2C641C1C009D3522 /* ContentView.swift in Sources */ = {isa = PBXBuildFile; fileRef = 144DFACD2C641C1C009D3522 /* ContentView.swift */; };
		144DFAD02C641C1D009D3522 /* Assets.xcassets in Resources */ = {isa = PBXBuildFile; fileRef = 144DFACF2C641C1D009D3522 /* Assets.xcassets */; };
		144DFAD32C641C1D009D3522 /* Preview Assets.xcassets in Resources */ = {isa = PBXBuildFile; fileRef = 144DFAD22C641C1D009D3522 /* Preview Assets.xcassets */; };
		144DFADD2C641C1D009D3522 /* HandyNotesTests.swift in Sources */ = {isa = PBXBuildFile; fileRef = 144DFADC2C641C1D009D3522 /* HandyNotesTests.swift */; };
		144DFAE72C641C1D009D3522 /* HandyNotesUITests.swift in Sources */ = {isa = PBXBuildFile; fileRef = 144DFAE62C641C1D009D3522 /* HandyNotesUITests.swift */; };
		144DFAE92C641C1D009D3522 /* HandyNotesUITestsLaunchTests.swift in Sources */ = {isa = PBXBuildFile; fileRef = 144DFAE82C641C1D009D3522 /* HandyNotesUITestsLaunchTests.swift */; };
/* End PBXBuildFile section */

/* Begin PBXContainerItemProxy section */
		144DFAD92C641C1D009D3522 /* PBXContainerItemProxy */ = {
			isa = PBXContainerItemProxy;
			containerPortal = 144DFAC02C641C1C009D3522 /* Project object */;
			proxyType = 1;
			remoteGlobalIDString = 144DFAC72C641C1C009D3522;
			remoteInfo = HandyNotes;
		};
		144DFAE32C641C1D009D3522 /* PBXContainerItemProxy */ = {
			isa = PBXContainerItemProxy;
			containerPortal = 144DFAC02C641C1C009D3522 /* Project object */;
			proxyType = 1;
			remoteGlobalIDString = 144DFAC72C641C1C009D3522;
			remoteInfo = HandyNotes;
		};
/* End PBXContainerItemProxy section */

/* Begin PBXFileReference section */
		144DFAC82C641C1C009D3522 /* HandyNotes.app */ = {isa = PBXFileReference; explicitFileType = wrapper.application; includeInIndex = 0; path = HandyNotes.app; sourceTree = BUILT_PRODUCTS_DIR; };
		144DFACB2C641C1C009D3522 /* HandyNotesApp.swift */ = {isa = PBXFileReference; lastKnownFileType = sourcecode.swift; path = HandyNotesApp.swift; sourceTree = "<group>"; };
		144DFACD2C641C1C009D3522 /* ContentView.swift */ = {isa = PBXFileReference; lastKnownFileType = sourcecode.swift; path = ContentView.swift; sourceTree = "<group>"; };
		144DFACF2C641C1D009D3522 /* Assets.xcassets */ = {isa = PBXFileReference; lastKnownFileType = folder.assetcatalog; path = Assets.xcassets; sourceTree = "<group>"; };
		144DFAD22C641C1D009D3522 /* Preview Assets.xcassets */ = {isa = PBXFileReference; lastKnownFileType = folder.assetcatalog; path = "Preview Assets.xcassets"; sourceTree = "<group>"; };
		144DFAD82C641C1D009D3522 /* HandyNotesTests.xctest */ = {isa = PBXFileReference; explicitFileType = wrapper.cfbundle; includeInIndex = 0; path = HandyNotesTests.xctest; sourceTree = BUILT_PRODUCTS_DIR; };
		144DFADC2C641C1D009D3522 /* HandyNotesTests.swift */ = {isa = PBXFileReference; lastKnownFileType = sourcecode.swift; path = HandyNotesTests.swift; sourceTree = "<group>"; };
		144DFAE22C641C1D009D3522 /* HandyNotesUITests.xctest */ = {isa = PBXFileReference; explicitFileType = wrapper.cfbundle; includeInIndex = 0; path = HandyNotesUITests.xctest; sourceTree = BUILT_PRODUCTS_DIR; };
		144DFAE62C641C1D009D3522 /* HandyNotesUITests.swift */ = {isa = PBXFileReference; lastKnownFileType = sourcecode.swift; path = HandyNotesUITests.swift; sourceTree = "<group>"; };
		144DFAE82C641C1D009D3522 /* HandyNotesUITestsLaunchTests.swift */ = {isa = PBXFileReference; lastKnownFileType = sourcecode.swift; path = HandyNotesUITestsLaunchTests.swift; sourceTree = "<group>"; };
/* End PBXFileReference section */

/* Begin PBXFrameworksBuildPhase section */
		144DFAC52C641C1C009D3522 /* Frameworks */ = {
			isa = PBXFrameworksBuildPhase;
			buildActionMask = 2147483647;
			files = (
			);
			runOnlyForDeploymentPostprocessing = 0;
		};
		144DFAD52C641C1D009D3522 /* Frameworks */ = {
			isa = PBXFrameworksBuildPhase;
			buildActionMask = 2147483647;
			files = (
			);
			runOnlyForDeploymentPostprocessing = 0;
		};
		144DFADF2C641C1D009D3522 /* Frameworks */ = {
			isa = PBXFrameworksBuildPhase;
			buildActionMask = 2147483647;
			files = (
			);
			runOnlyForDeploymentPostprocessing = 0;
		};
/* End PBXFrameworksBuildPhase section */

/* Begin PBXGroup section */
		144DFABF2C641C1C009D3522 = {
			isa = PBXGroup;
			children = (
				144DFACA2C641C1C009D3522 /* HandyNotes */,
				144DFADB2C641C1D009D3522 /* HandyNotesTests */,
				144DFAE52C641C1D009D3522 /* HandyNotesUITests */,
				144DFAC92C641C1C009D3522 /* Products */,
			);
			sourceTree = "<group>";
		};
		144DFAC92C641C1C009D3522 /* Products */ = {
			isa = PBXGroup;
			children = (
				144DFAC82C641C1C009D3522 /* HandyNotes.app */,
				144DFAD82C641C1D009D3522 /* HandyNotesTests.xctest */,
				144DFAE22C641C1D009D3522 /* HandyNotesUITests.xctest */,
			);
			name = Products;
			sourceTree = "<group>";
		};
		144DFACA2C641C1C009D3522 /* HandyNotes */ = {
			isa = PBXGroup;
			children = (
				144DFACB2C641C1C009D3522 /* HandyNotesApp.swift */,
				144DFACD2C641C1C009D3522 /* ContentView.swift */,
				144DFACF2C641C1D009D3522 /* Assets.xcassets */,
				144DFAD12C641C1D009D3522 /* Preview Content */,
			);
			path = HandyNotes;
			sourceTree = "<group>";
		};
		144DFAD12C641C1D009D3522 /* Preview Content */ = {
			isa = PBXGroup;
			children = (
				144DFAD22C641C1D009D3522 /* Preview Assets.xcassets */,
			);
			path = "Preview Content";
			sourceTree = "<group>";
		};
		144DFADB2C641C1D009D3522 /* HandyNotesTests */ = {
			isa = PBXGroup;
			children = (
				144DFADC2C641C1D009D3522 /* HandyNotesTests.swift */,
			);
			path = HandyNotesTests;
			sourceTree = "<group>";
		};
		144DFAE52C641C1D009D3522 /* HandyNotesUITests */ = {
			isa = PBXGroup;
			children = (
				144DFAE62C641C1D009D3522 /* HandyNotesUITests.swift */,
				144DFAE82C641C1D009D3522 /* HandyNotesUITestsLaunchTests.swift */,
			);
			path = HandyNotesUITests;
			sourceTree = "<group>";
		};
/* End PBXGroup section */

/* Begin PBXNativeTarget section */
		144DFAC72C641C1C009D3522 /* HandyNotes */ = {
			isa = PBXNativeTarget;
			buildConfigurationList = 144DFAEC2C641C1D009D3522 /* Build configuration list for PBXNativeTarget "HandyNotes" */;
			buildPhases = (
				144DFAC42C641C1C009D3522 /* Sources */,
				144DFAC52C641C1C009D3522 /* Frameworks */,
				144DFAC62C641C1C009D3522 /* Resources */,
			);
			buildRules = (
			);
			dependencies = (
			);
			name = HandyNotes;
			productName = HandyNotes;
			productReference = 144DFAC82C641C1C009D3522 /* HandyNotes.app */;
			productType = "com.apple.product-type.application";
		};
		144DFAD72C641C1D009D3522 /* HandyNotesTests */ = {
			isa = PBXNativeTarget;
			buildConfigurationList = 144DFAEF2C641C1D009D3522 /* Build configuration list for PBXNativeTarget "HandyNotesTests" */;
			buildPhases = (
				144DFAD42C641C1D009D3522 /* Sources */,
				144DFAD52C641C1D009D3522 /* Frameworks */,
				144DFAD62C641C1D009D3522 /* Resources */,
			);
			buildRules = (
			);
			dependencies = (
				144DFADA2C641C1D009D3522 /* PBXTargetDependency */,
			);
			name = HandyNotesTests;
			productName = HandyNotesTests;
			productReference = 144DFAD82C641C1D009D3522 /* HandyNotesTests.xctest */;
			productType = "com.apple.product-type.bundle.unit-test";
		};
		144DFAE12C641C1D009D3522 /* HandyNotesUITests */ = {
			isa = PBXNativeTarget;
			buildConfigurationList = 144DFAF22C641C1D009D3522 /* Build configuration list for PBXNativeTarget "HandyNotesUITests" */;
			buildPhases = (
				144DFADE2C641C1D009D3522 /* Sources */,
				144DFADF2C641C1D009D3522 /* Frameworks */,
				144DFAE02C641C1D009D3522 /* Resources */,
			);
			buildRules = (
			);
			dependencies = (
				144DFAE42C641C1D009D3522 /* PBXTargetDependency */,
			);
			name = HandyNotesUITests;
			productName = HandyNotesUITests;
			productReference = 144DFAE22C641C1D009D3522 /* HandyNotesUITests.xctest */;
			productType = "com.apple.product-type.bundle.ui-testing";
		};
/* End PBXNativeTarget section */

/* Begin PBXProject section */
		144DFAC02C641C1C009D3522 /* Project object */ = {
			isa = PBXProject;
			attributes = {
				BuildIndependentTargetsInParallel = 1;
				LastSwiftUpdateCheck = 1540;
				LastUpgradeCheck = 1540;
				TargetAttributes = {
					144DFAC72C641C1C009D3522 = {
						CreatedOnToolsVersion = 15.4;
					};
					144DFAD72C641C1D009D3522 = {
						CreatedOnToolsVersion = 15.4;
						TestTargetID = 144DFAC72C641C1C009D3522;
					};
					144DFAE12C641C1D009D3522 = {
						CreatedOnToolsVersion = 15.4;
						TestTargetID = 144DFAC72C641C1C009D3522;
					};
				};
			};
			buildConfigurationList = 144DFAC32C641C1C009D3522 /* Build configuration list for PBXProject "HandyNotes" */;
			compatibilityVersion = "Xcode 14.0";
			developmentRegion = en;
			hasScannedForEncodings = 0;
			knownRegions = (
				en,
				Base,
			);
			mainGroup = 144DFABF2C641C1C009D3522;
			productRefGroup = 144DFAC92C641C1C009D3522 /* Products */;
			projectDirPath = "";
			projectRoot = "";
			targets = (
				144DFAC72C641C1C009D3522 /* HandyNotes */,
				144DFAD72C641C1D009D3522 /* HandyNotesTests */,
				144DFAE12C641C1D009D3522 /* HandyNotesUITests */,
			);
		};
/* End PBXProject section */

/* Begin PBXResourcesBuildPhase section */
		144DFAC62C641C1C009D3522 /* Resources */ = {
			isa = PBXResourcesBuildPhase;
			buildActionMask = 2147483647;
			files = (
				144DFAD32C641C1D009D3522 /* Preview Assets.xcassets in Resources */,
				144DFAD02C641C1D009D3522 /* Assets.xcassets in Resources */,
			);
			runOnlyForDeploymentPostprocessing = 0;
		};
		144DFAD62C641C1D009D3522 /* Resources */ = {
			isa = PBXResourcesBuildPhase;
			buildActionMask = 2147483647;
			files = (
			);
			runOnlyForDeploymentPostprocessing = 0;
		};
		144DFAE02C641C1D009D3522 /* Resources */ = {
			isa = PBXResourcesBuildPhase;
			buildActionMask = 2147483647;
			files = (
			);
			runOnlyForDeploymentPostprocessing = 0;
		};
/* End PBXResourcesBuildPhase section */

/* Begin PBXSourcesBuildPhase section */
		144DFAC42C641C1C009D3522 /* Sources */ = {
			isa = PBXSourcesBuildPhase;
			buildActionMask = 2147483647;
			files = (
				144DFACE2C641C1C009D3522 /* ContentView.swift in Sources */,
				144DFACC2C641C1C009D3522 /* HandyNotesApp.swift in Sources */,
			);
			runOnlyForDeploymentPostprocessing = 0;
		};
		144DFAD42C641C1D009D3522 /* Sources */ = {
			isa = PBXSourcesBuildPhase;
			buildActionMask = 2147483647;
			files = (
				144DFADD2C641C1D009D3522 /* HandyNotesTests.swift in Sources */,
			);
			runOnlyForDeploymentPostprocessing = 0;
		};
		144DFADE2C641C1D009D3522 /* Sources */ = {
			isa = PBXSourcesBuildPhase;
			buildActionMask = 2147483647;
			files = (
				144DFAE72C641C1D009D3522 /* HandyNotesUITests.swift in Sources */,
				144DFAE92C641C1D009D3522 /* HandyNotesUITestsLaunchTests.swift in Sources */,
			);
			runOnlyForDeploymentPostprocessing = 0;
		};
/* End PBXSourcesBuildPhase section */

/* Begin PBXTargetDependency section */
		144DFADA2C641C1D009D3522 /* PBXTargetDependency */ = {
			isa = PBXTargetDependency;
			target = 144DFAC72C641C1C009D3522 /* HandyNotes */;
			targetProxy = 144DFAD92C641C1D009D3522 /* PBXContainerItemProxy */;
		};
		144DFAE42C641C1D009D3522 /* PBXTargetDependency */ = {
			isa = PBXTargetDependency;
			target = 144DFAC72C641C1C009D3522 /* HandyNotes */;
			targetProxy = 144DFAE32C641C1D009D3522 /* PBXContainerItemProxy */;
		};
/* End PBXTargetDependency section */

/* Begin XCBuildConfiguration section */
		144DFAEA2C641C1D009D3522 /* Debug */ = {
			isa = XCBuildConfiguration;
			buildSettings = {
				ALWAYS_SEARCH_USER_PATHS = NO;
				ASSETCATALOG_COMPILER_GENERATE_SWIFT_ASSET_SYMBOL_EXTENSIONS = YES;
				CLANG_ANALYZER_NONNULL = YES;
				CLANG_ANALYZER_NUMBER_OBJECT_CONVERSION = YES_AGGRESSIVE;
				CLANG_CXX_LANGUAGE_STANDARD = "gnu++20";
				CLANG_ENABLE_MODULES = YES;
				CLANG_ENABLE_OBJC_ARC = YES;
				CLANG_ENABLE_OBJC_WEAK = YES;
				CLANG_WARN_BLOCK_CAPTURE_AUTORELEASING = YES;
				CLANG_WARN_BOOL_CONVERSION = YES;
				CLANG_WARN_COMMA = YES;
				CLANG_WARN_CONSTANT_CONVERSION = YES;
				CLANG_WARN_DEPRECATED_OBJC_IMPLEMENTATIONS = YES;
				CLANG_WARN_DIRECT_OBJC_ISA_USAGE = YES_ERROR;
				CLANG_WARN_DOCUMENTATION_COMMENTS = YES;
				CLANG_WARN_EMPTY_BODY = YES;
				CLANG_WARN_ENUM_CONVERSION = YES;
				CLANG_WARN_INFINITE_RECURSION = YES;
				CLANG_WARN_INT_CONVERSION = YES;
				CLANG_WARN_NON_LITERAL_NULL_CONVERSION = YES;
				CLANG_WARN_OBJC_IMPLICIT_RETAIN_SELF = YES;
				CLANG_WARN_OBJC_LITERAL_CONVERSION = YES;
				CLANG_WARN_OBJC_ROOT_CLASS = YES_ERROR;
				CLANG_WARN_QUOTED_INCLUDE_IN_FRAMEWORK_HEADER = YES;
				CLANG_WARN_RANGE_LOOP_ANALYSIS = YES;
				CLANG_WARN_STRICT_PROTOTYPES = YES;
				CLANG_WARN_SUSPICIOUS_MOVE = YES;
				CLANG_WARN_UNGUARDED_AVAILABILITY = YES_AGGRESSIVE;
				CLANG_WARN_UNREACHABLE_CODE = YES;
				CLANG_WARN__DUPLICATE_METHOD_MATCH = YES;
				COPY_PHASE_STRIP = NO;
				DEBUG_INFORMATION_FORMAT = dwarf;
				ENABLE_STRICT_OBJC_MSGSEND = YES;
				ENABLE_TESTABILITY = YES;
				ENABLE_USER_SCRIPT_SANDBOXING = YES;
				GCC_C_LANGUAGE_STANDARD = gnu17;
				GCC_DYNAMIC_NO_PIC = NO;
				GCC_NO_COMMON_BLOCKS = YES;
				GCC_OPTIMIZATION_LEVEL = 0;
				GCC_PREPROCESSOR_DEFINITIONS = (
					"DEBUG=1",
					"$(inherited)",
				);
				GCC_WARN_64_TO_32_BIT_CONVERSION = YES;
				GCC_WARN_ABOUT_RETURN_TYPE = YES_ERROR;
				GCC_WARN_UNDECLARED_SELECTOR = YES;
				GCC_WARN_UNINITIALIZED_AUTOS = YES_AGGRESSIVE;
				GCC_WARN_UNUSED_FUNCTION = YES;
				GCC_WARN_UNUSED_VARIABLE = YES;
				IPHONEOS_DEPLOYMENT_TARGET = 17.5;
				LOCALIZATION_PREFERS_STRING_CATALOGS = YES;
				MTL_ENABLE_DEBUG_INFO = INCLUDE_SOURCE;
				MTL_FAST_MATH = YES;
				ONLY_ACTIVE_ARCH = YES;
				SDKROOT = iphoneos;
				SWIFT_ACTIVE_COMPILATION_CONDITIONS = "DEBUG $(inherited)";
				SWIFT_OPTIMIZATION_LEVEL = "-Onone";
			};
			name = Debug;
		};
		144DFAEB2C641C1D009D3522 /* Release */ = {
			isa = XCBuildConfiguration;
			buildSettings = {
				ALWAYS_SEARCH_USER_PATHS = NO;
				ASSETCATALOG_COMPILER_GENERATE_SWIFT_ASSET_SYMBOL_EXTENSIONS = YES;
				CLANG_ANALYZER_NONNULL = YES;
				CLANG_ANALYZER_NUMBER_OBJECT_CONVERSION = YES_AGGRESSIVE;
				CLANG_CXX_LANGUAGE_STANDARD = "gnu++20";
				CLANG_ENABLE_MODULES = YES;
				CLANG_ENABLE_OBJC_ARC = YES;
				CLANG_ENABLE_OBJC_WEAK = YES;
				CLANG_WARN_BLOCK_CAPTURE_AUTORELEASING = YES;
				CLANG_WARN_BOOL_CONVERSION = YES;
				CLANG_WARN_COMMA = YES;
				CLANG_WARN_CONSTANT_CONVERSION = YES;
				CLANG_WARN_DEPRECATED_OBJC_IMPLEMENTATIONS = YES;
				CLANG_WARN_DIRECT_OBJC_ISA_USAGE = YES_ERROR;
				CLANG_WARN_DOCUMENTATION_COMMENTS = YES;
				CLANG_WARN_EMPTY_BODY = YES;
				CLANG_WARN_ENUM_CONVERSION = YES;
				CLANG_WARN_INFINITE_RECURSION = YES;
				CLANG_WARN_INT_CONVERSION = YES;
				CLANG_WARN_NON_LITERAL_NULL_CONVERSION = YES;
				CLANG_WARN_OBJC_IMPLICIT_RETAIN_SELF = YES;
				CLANG_WARN_OBJC_LITERAL_CONVERSION = YES;
				CLANG_WARN_OBJC_ROOT_CLASS = YES_ERROR;
				CLANG_WARN_QUOTED_INCLUDE_IN_FRAMEWORK_HEADER = YES;
				CLANG_WARN_RANGE_LOOP_ANALYSIS = YES;
				CLANG_WARN_STRICT_PROTOTYPES = YES;
				CLANG_WARN_SUSPICIOUS_MOVE = YES;
				CLANG_WARN_UNGUARDED_AVAILABILITY = YES_AGGRESSIVE;
				CLANG_WARN_UNREACHABLE_CODE = YES;
				CLANG_WARN__DUPLICATE_METHOD_MATCH = YES;
				COPY_PHASE_STRIP = NO;
				DEBUG_INFORMATION_FORMAT = "dwarf-with-dsym";
				ENABLE_NS_ASSERTIONS = NO;
				ENABLE_STRICT_OBJC_MSGSEND = YES;
				ENABLE_USER_SCRIPT_SANDBOXING = YES;
				GCC_C_LANGUAGE_STANDARD = gnu17;
				GCC_NO_COMMON_BLOCKS = YES;
				GCC_WARN_64_TO_32_BIT_CONVERSION = YES;
				GCC_WARN_ABOUT_RETURN_TYPE = YES_ERROR;
				GCC_WARN_UNDECLARED_SELECTOR = YES;
				GCC_WARN_UNINITIALIZED_AUTOS = YES_AGGRESSIVE;
				GCC_WARN_UNUSED_FUNCTION = YES;
				GCC_WARN_UNUSED_VARIABLE = YES;
				IPHONEOS_DEPLOYMENT_TARGET = 17.5;
				LOCALIZATION_PREFERS_STRING_CATALOGS = YES;
				MTL_ENABLE_DEBUG_INFO = NO;
				MTL_FAST_MATH = YES;
				SDKROOT = iphoneos;
				SWIFT_COMPILATION_MODE = wholemodule;
				VALIDATE_PRODUCT = YES;
			};
			name = Release;
		};
		144DFAED2C641C1D009D3522 /* Debug */ = {
			isa = XCBuildConfiguration;
			buildSettings = {
				ASSETCATALOG_COMPILER_APPICON_NAME = AppIcon;
				ASSETCATALOG_COMPILER_GLOBAL_ACCENT_COLOR_NAME = AccentColor;
				CODE_SIGN_STYLE = Automatic;
				CURRENT_PROJECT_VERSION = 1;
				DEVELOPMENT_ASSET_PATHS = "\"HandyNotes/Preview Content\"";
				DEVELOPMENT_TEAM = 98UH276369;
				ENABLE_PREVIEWS = YES;
				GENERATE_INFOPLIST_FILE = YES;
				INFOPLIST_KEY_UIApplicationSceneManifest_Generation = YES;
				INFOPLIST_KEY_UIApplicationSupportsIndirectInputEvents = YES;
				INFOPLIST_KEY_UILaunchScreen_Generation = YES;
				INFOPLIST_KEY_UISupportedInterfaceOrientations_iPad = "UIInterfaceOrientationPortrait UIInterfaceOrientationPortraitUpsideDown UIInterfaceOrientationLandscapeLeft UIInterfaceOrientationLandscapeRight";
				INFOPLIST_KEY_UISupportedInterfaceOrientations_iPhone = "UIInterfaceOrientationPortrait UIInterfaceOrientationLandscapeLeft UIInterfaceOrientationLandscapeRight";
				LD_RUNPATH_SEARCH_PATHS = (
					"$(inherited)",
					"@executable_path/Frameworks",
				);
				MARKETING_VERSION = 1.0;
				PRODUCT_BUNDLE_IDENTIFIER = org.aman.app.HandyNotes;
				PRODUCT_NAME = "$(TARGET_NAME)";
				SWIFT_EMIT_LOC_STRINGS = YES;
				SWIFT_VERSION = 5.0;
				TARGETED_DEVICE_FAMILY = "1,2";
			};
			name = Debug;
		};
		144DFAEE2C641C1D009D3522 /* Release */ = {
			isa = XCBuildConfiguration;
			buildSettings = {
				ASSETCATALOG_COMPILER_APPICON_NAME = AppIcon;
				ASSETCATALOG_COMPILER_GLOBAL_ACCENT_COLOR_NAME = AccentColor;
				CODE_SIGN_STYLE = Automatic;
				CURRENT_PROJECT_VERSION = 1;
				DEVELOPMENT_ASSET_PATHS = "\"HandyNotes/Preview Content\"";
				DEVELOPMENT_TEAM = 98UH276369;
				ENABLE_PREVIEWS = YES;
				GENERATE_INFOPLIST_FILE = YES;
				INFOPLIST_KEY_UIApplicationSceneManifest_Generation = YES;
				INFOPLIST_KEY_UIApplicationSupportsIndirectInputEvents = YES;
				INFOPLIST_KEY_UILaunchScreen_Generation = YES;
				INFOPLIST_KEY_UISupportedInterfaceOrientations_iPad = "UIInterfaceOrientationPortrait UIInterfaceOrientationPortraitUpsideDown UIInterfaceOrientationLandscapeLeft UIInterfaceOrientationLandscapeRight";
				INFOPLIST_KEY_UISupportedInterfaceOrientations_iPhone = "UIInterfaceOrientationPortrait UIInterfaceOrientationLandscapeLeft UIInterfaceOrientationLandscapeRight";
				LD_RUNPATH_SEARCH_PATHS = (
					"$(inherited)",
					"@executable_path/Frameworks",
				);
				MARKETING_VERSION = 1.0;
				PRODUCT_BUNDLE_IDENTIFIER = org.aman.app.HandyNotes;
				PRODUCT_NAME = "$(TARGET_NAME)";
				SWIFT_EMIT_LOC_STRINGS = YES;
				SWIFT_VERSION = 5.0;
				TARGETED_DEVICE_FAMILY = "1,2";
			};
			name = Release;
		};
		144DFAF02C641C1D009D3522 /* Debug */ = {
			isa = XCBuildConfiguration;
			buildSettings = {
				ALWAYS_EMBED_SWIFT_STANDARD_LIBRARIES = YES;
				BUNDLE_LOADER = "$(TEST_HOST)";
				CODE_SIGN_STYLE = Automatic;
				CURRENT_PROJECT_VERSION = 1;
				DEVELOPMENT_TEAM = 98UH276369;
				GENERATE_INFOPLIST_FILE = YES;
				IPHONEOS_DEPLOYMENT_TARGET = 17.5;
				MARKETING_VERSION = 1.0;
				PRODUCT_BUNDLE_IDENTIFIER = org.aman.app.HandyNotesTests;
				PRODUCT_NAME = "$(TARGET_NAME)";
				SWIFT_EMIT_LOC_STRINGS = NO;
				SWIFT_VERSION = 5.0;
				TARGETED_DEVICE_FAMILY = "1,2";
				TEST_HOST = "$(BUILT_PRODUCTS_DIR)/HandyNotes.app/$(BUNDLE_EXECUTABLE_FOLDER_PATH)/HandyNotes";
			};
			name = Debug;
		};
		144DFAF12C641C1D009D3522 /* Release */ = {
			isa = XCBuildConfiguration;
			buildSettings = {
				ALWAYS_EMBED_SWIFT_STANDARD_LIBRARIES = YES;
				BUNDLE_LOADER = "$(TEST_HOST)";
				CODE_SIGN_STYLE = Automatic;
				CURRENT_PROJECT_VERSION = 1;
				DEVELOPMENT_TEAM = 98UH276369;
				GENERATE_INFOPLIST_FILE = YES;
				IPHONEOS_DEPLOYMENT_TARGET = 17.5;
				MARKETING_VERSION = 1.0;
				PRODUCT_BUNDLE_IDENTIFIER = org.aman.app.HandyNotesTests;
				PRODUCT_NAME = "$(TARGET_NAME)";
				SWIFT_EMIT_LOC_STRINGS = NO;
				SWIFT_VERSION = 5.0;
				TARGETED_DEVICE_FAMILY = "1,2";
				TEST_HOST = "$(BUILT_PRODUCTS_DIR)/HandyNotes.app/$(BUNDLE_EXECUTABLE_FOLDER_PATH)/HandyNotes";
			};
			name = Release;
		};
		144DFAF32C641C1D009D3522 /* Debug */ = {
			isa = XCBuildConfiguration;
			buildSettings = {
				ALWAYS_EMBED_SWIFT_STANDARD_LIBRARIES = YES;
				CODE_SIGN_STYLE = Automatic;
				CURRENT_PROJECT_VERSION = 1;
				DEVELOPMENT_TEAM = 98UH276369;
				GENERATE_INFOPLIST_FILE = YES;
				MARKETING_VERSION = 1.0;
				PRODUCT_BUNDLE_IDENTIFIER = org.aman.app.HandyNotesUITests;
				PRODUCT_NAME = "$(TARGET_NAME)";
				SWIFT_EMIT_LOC_STRINGS = NO;
				SWIFT_VERSION = 5.0;
				TARGETED_DEVICE_FAMILY = "1,2";
				TEST_TARGET_NAME = HandyNotes;
			};
			name = Debug;
		};
		144DFAF42C641C1D009D3522 /* Release */ = {
			isa = XCBuildConfiguration;
			buildSettings = {
				ALWAYS_EMBED_SWIFT_STANDARD_LIBRARIES = YES;
				CODE_SIGN_STYLE = Automatic;
				CURRENT_PROJECT_VERSION = 1;
				DEVELOPMENT_TEAM = 98UH276369;
				GENERATE_INFOPLIST_FILE = YES;
				MARKETING_VERSION = 1.0;
				PRODUCT_BUNDLE_IDENTIFIER = org.aman.app.HandyNotesUITests;
				PRODUCT_NAME = "$(TARGET_NAME)";
				SWIFT_EMIT_LOC_STRINGS = NO;
				SWIFT_VERSION = 5.0;
				TARGETED_DEVICE_FAMILY = "1,2";
				TEST_TARGET_NAME = HandyNotes;
			};
			name = Release;
		};
/* End XCBuildConfiguration section */

/* Begin XCConfigurationList section */
		144DFAC32C641C1C009D3522 /* Build configuration list for PBXProject "HandyNotes" */ = {
			isa = XCConfigurationList;
			buildConfigurations = (
				144DFAEA2C641C1D009D3522 /* Debug */,
				144DFAEB2C641C1D009D3522 /* Release */,
			);
			defaultConfigurationIsVisible = 0;
			defaultConfigurationName = Release;
		};
		144DFAEC2C641C1D009D3522 /* Build configuration list for PBXNativeTarget "HandyNotes" */ = {
			isa = XCConfigurationList;
			buildConfigurations = (
				144DFAED2C641C1D009D3522 /* Debug */,
				144DFAEE2C641C1D009D3522 /* Release */,
			);
			defaultConfigurationIsVisible = 0;
			defaultConfigurationName = Release;
		};
		144DFAEF2C641C1D009D3522 /* Build configuration list for PBXNativeTarget "HandyNotesTests" */ = {
			isa = XCConfigurationList;
			buildConfigurations = (
				144DFAF02C641C1D009D3522 /* Debug */,
				144DFAF12C641C1D009D3522 /* Release */,
			);
			defaultConfigurationIsVisible = 0;
			defaultConfigurationName = Release;
		};
		144DFAF22C641C1D009D3522 /* Build configuration list for PBXNativeTarget "HandyNotesUITests" */ = {
			isa = XCConfigurationList;
			buildConfigurations = (
				144DFAF32C641C1D009D3522 /* Debug */,
				144DFAF42C641C1D009D3522 /* Release */,
			);
			defaultConfigurationIsVisible = 0;
			defaultConfigurationName = Release;
		};
/* End XCConfigurationList section */
	};
	rootObject = 144DFAC02C641C1C009D3522 /* Project object */;
}
